// !$*UTF8*$!
{
	archiveVersion = 1;
	classes = {
	};
	objectVersion = 56;
	objects = {

/* Begin PBXBuildFile section */
		A51C09102C2F05A8009EDDBD /* iOSTakeHomeFetchApp.swift in Sources */ = {isa = PBXBuildFile; fileRef = A51C090F2C2F05A8009EDDBD /* iOSTakeHomeFetchApp.swift */; };
		A51C09122C2F05A8009EDDBD /* DessertsView.swift in Sources */ = {isa = PBXBuildFile; fileRef = A51C09112C2F05A8009EDDBD /* DessertsView.swift */; };
		A51C09142C2F05AA009EDDBD /* Assets.xcassets in Resources */ = {isa = PBXBuildFile; fileRef = A51C09132C2F05AA009EDDBD /* Assets.xcassets */; };
		A51C09172C2F05AA009EDDBD /* Preview Assets.xcassets in Resources */ = {isa = PBXBuildFile; fileRef = A51C09162C2F05AA009EDDBD /* Preview Assets.xcassets */; };
		A51C09212C322762009EDDBD /* NetworkManager.swift in Sources */ = {isa = PBXBuildFile; fileRef = A51C09202C322762009EDDBD /* NetworkManager.swift */; };
		A51C09232C32343E009EDDBD /* DessertListData.swift in Sources */ = {isa = PBXBuildFile; fileRef = A51C09222C32343E009EDDBD /* DessertListData.swift */; };
		A51C09252C323A7A009EDDBD /* DessertError.swift in Sources */ = {isa = PBXBuildFile; fileRef = A51C09242C323A7A009EDDBD /* DessertError.swift */; };
		A57B04052C3261B100A00257 /* DetailView.swift in Sources */ = {isa = PBXBuildFile; fileRef = A57B04042C3261B100A00257 /* DetailView.swift */; };
		A57B04072C33422500A00257 /* DessertDetailData.swift in Sources */ = {isa = PBXBuildFile; fileRef = A57B04062C33422500A00257 /* DessertDetailData.swift */; };
		A57B04092C347B5E00A00257 /* DessertDetailModel.swift in Sources */ = {isa = PBXBuildFile; fileRef = A57B04082C347B5E00A00257 /* DessertDetailModel.swift */; };
		A57B040B2C39E65200A00257 /* DessertDetailController.swift in Sources */ = {isa = PBXBuildFile; fileRef = A57B040A2C39E65200A00257 /* DessertDetailController.swift */; };
/* End PBXBuildFile section */

/* Begin PBXFileReference section */
		A51C090C2C2F05A8009EDDBD /* iOSTakeHomeFetch.app */ = {isa = PBXFileReference; explicitFileType = wrapper.application; includeInIndex = 0; path = iOSTakeHomeFetch.app; sourceTree = BUILT_PRODUCTS_DIR; };
		A51C090F2C2F05A8009EDDBD /* iOSTakeHomeFetchApp.swift */ = {isa = PBXFileReference; lastKnownFileType = sourcecode.swift; path = iOSTakeHomeFetchApp.swift; sourceTree = "<group>"; };
		A51C09112C2F05A8009EDDBD /* DessertsView.swift */ = {isa = PBXFileReference; lastKnownFileType = sourcecode.swift; path = DessertsView.swift; sourceTree = "<group>"; };
		A51C09132C2F05AA009EDDBD /* Assets.xcassets */ = {isa = PBXFileReference; lastKnownFileType = folder.assetcatalog; path = Assets.xcassets; sourceTree = "<group>"; };
		A51C09162C2F05AA009EDDBD /* Preview Assets.xcassets */ = {isa = PBXFileReference; lastKnownFileType = folder.assetcatalog; path = "Preview Assets.xcassets"; sourceTree = "<group>"; };
		A51C09202C322762009EDDBD /* NetworkManager.swift */ = {isa = PBXFileReference; lastKnownFileType = sourcecode.swift; path = NetworkManager.swift; sourceTree = "<group>"; };
		A51C09222C32343E009EDDBD /* DessertListData.swift */ = {isa = PBXFileReference; lastKnownFileType = sourcecode.swift; path = DessertListData.swift; sourceTree = "<group>"; };
		A51C09242C323A7A009EDDBD /* DessertError.swift */ = {isa = PBXFileReference; lastKnownFileType = sourcecode.swift; path = DessertError.swift; sourceTree = "<group>"; };
		A57B04042C3261B100A00257 /* DetailView.swift */ = {isa = PBXFileReference; lastKnownFileType = sourcecode.swift; path = DetailView.swift; sourceTree = "<group>"; };
		A57B04062C33422500A00257 /* DessertDetailData.swift */ = {isa = PBXFileReference; lastKnownFileType = sourcecode.swift; path = DessertDetailData.swift; sourceTree = "<group>"; };
		A57B04082C347B5E00A00257 /* DessertDetailModel.swift */ = {isa = PBXFileReference; lastKnownFileType = sourcecode.swift; path = DessertDetailModel.swift; sourceTree = "<group>"; };
		A57B040A2C39E65200A00257 /* DessertDetailController.swift */ = {isa = PBXFileReference; lastKnownFileType = sourcecode.swift; path = DessertDetailController.swift; sourceTree = "<group>"; };
/* End PBXFileReference section */

/* Begin PBXFrameworksBuildPhase section */
		A51C09092C2F05A8009EDDBD /* Frameworks */ = {
			isa = PBXFrameworksBuildPhase;
			buildActionMask = 2147483647;
			files = (
			);
			runOnlyForDeploymentPostprocessing = 0;
		};
/* End PBXFrameworksBuildPhase section */

/* Begin PBXGroup section */
		A51C09032C2F05A8009EDDBD = {
			isa = PBXGroup;
			children = (
				A51C090E2C2F05A8009EDDBD /* iOSTakeHomeFetch */,
				A51C090D2C2F05A8009EDDBD /* Products */,
			);
			sourceTree = "<group>";
		};
		A51C090D2C2F05A8009EDDBD /* Products */ = {
			isa = PBXGroup;
			children = (
				A51C090C2C2F05A8009EDDBD /* iOSTakeHomeFetch.app */,
			);
			name = Products;
			sourceTree = "<group>";
		};
		A51C090E2C2F05A8009EDDBD /* iOSTakeHomeFetch */ = {
			isa = PBXGroup;
			children = (
				A51C091E2C2F0751009EDDBD /* Model */,
				A51C091D2C2F0748009EDDBD /* View */,
				A51C091F2C2F0768009EDDBD /* Controller */,
				A51C090F2C2F05A8009EDDBD /* iOSTakeHomeFetchApp.swift */,
				A51C09132C2F05AA009EDDBD /* Assets.xcassets */,
				A51C09152C2F05AA009EDDBD /* Preview Content */,
			);
			path = iOSTakeHomeFetch;
			sourceTree = "<group>";
		};
		A51C09152C2F05AA009EDDBD /* Preview Content */ = {
			isa = PBXGroup;
			children = (
				A51C09162C2F05AA009EDDBD /* Preview Assets.xcassets */,
			);
			path = "Preview Content";
			sourceTree = "<group>";
		};
		A51C091D2C2F0748009EDDBD /* View */ = {
			isa = PBXGroup;
			children = (
				A51C09112C2F05A8009EDDBD /* DessertsView.swift */,
				A57B04042C3261B100A00257 /* DetailView.swift */,
			);
			path = View;
			sourceTree = "<group>";
		};
		A51C091E2C2F0751009EDDBD /* Model */ = {
			isa = PBXGroup;
			children = (
				A51C09202C322762009EDDBD /* NetworkManager.swift */,
				A51C09222C32343E009EDDBD /* DessertListData.swift */,
				A57B04062C33422500A00257 /* DessertDetailData.swift */,
				A51C09242C323A7A009EDDBD /* DessertError.swift */,
				A57B04082C347B5E00A00257 /* DessertDetailModel.swift */,
			);
			path = Model;
			sourceTree = "<group>";
		};
		A51C091F2C2F0768009EDDBD /* Controller */ = {
			isa = PBXGroup;
			children = (
				A57B040A2C39E65200A00257 /* DessertDetailController.swift */,
			);
			path = Controller;
			sourceTree = "<group>";
		};
/* End PBXGroup section */

/* Begin PBXNativeTarget section */
		A51C090B2C2F05A8009EDDBD /* iOSTakeHomeFetch */ = {
			isa = PBXNativeTarget;
			buildConfigurationList = A51C091A2C2F05AA009EDDBD /* Build configuration list for PBXNativeTarget "iOSTakeHomeFetch" */;
			buildPhases = (
				A51C09082C2F05A8009EDDBD /* Sources */,
				A51C09092C2F05A8009EDDBD /* Frameworks */,
				A51C090A2C2F05A8009EDDBD /* Resources */,
			);
			buildRules = (
			);
			dependencies = (
			);
			name = iOSTakeHomeFetch;
			productName = iOSTakeHomeFetch;
			productReference = A51C090C2C2F05A8009EDDBD /* iOSTakeHomeFetch.app */;
			productType = "com.apple.product-type.application";
		};
/* End PBXNativeTarget section */

/* Begin PBXProject section */
		A51C09042C2F05A8009EDDBD /* Project object */ = {
			isa = PBXProject;
			attributes = {
				BuildIndependentTargetsInParallel = 1;
				LastSwiftUpdateCheck = 1540;
				LastUpgradeCheck = 1540;
				TargetAttributes = {
					A51C090B2C2F05A8009EDDBD = {
						CreatedOnToolsVersion = 15.4;
					};
				};
			};
			buildConfigurationList = A51C09072C2F05A8009EDDBD /* Build configuration list for PBXProject "iOSTakeHomeFetch" */;
			compatibilityVersion = "Xcode 14.0";
			developmentRegion = en;
			hasScannedForEncodings = 0;
			knownRegions = (
				en,
				Base,
			);
			mainGroup = A51C09032C2F05A8009EDDBD;
			productRefGroup = A51C090D2C2F05A8009EDDBD /* Products */;
			projectDirPath = "";
			projectRoot = "";
			targets = (
				A51C090B2C2F05A8009EDDBD /* iOSTakeHomeFetch */,
			);
		};
/* End PBXProject section */

/* Begin PBXResourcesBuildPhase section */
		A51C090A2C2F05A8009EDDBD /* Resources */ = {
			isa = PBXResourcesBuildPhase;
			buildActionMask = 2147483647;
			files = (
				A51C09172C2F05AA009EDDBD /* Preview Assets.xcassets in Resources */,
				A51C09142C2F05AA009EDDBD /* Assets.xcassets in Resources */,
			);
			runOnlyForDeploymentPostprocessing = 0;
		};
/* End PBXResourcesBuildPhase section */

/* Begin PBXSourcesBuildPhase section */
		A51C09082C2F05A8009EDDBD /* Sources */ = {
			isa = PBXSourcesBuildPhase;
			buildActionMask = 2147483647;
			files = (
				A51C09232C32343E009EDDBD /* DessertListData.swift in Sources */,
				A57B04092C347B5E00A00257 /* DessertDetailModel.swift in Sources */,
				A57B04052C3261B100A00257 /* DetailView.swift in Sources */,
				A51C09212C322762009EDDBD /* NetworkManager.swift in Sources */,
				A51C09122C2F05A8009EDDBD /* DessertsView.swift in Sources */,
				A51C09252C323A7A009EDDBD /* DessertError.swift in Sources */,
				A57B04072C33422500A00257 /* DessertDetailData.swift in Sources */,
				A57B040B2C39E65200A00257 /* DessertDetailController.swift in Sources */,
				A51C09102C2F05A8009EDDBD /* iOSTakeHomeFetchApp.swift in Sources */,
			);
			runOnlyForDeploymentPostprocessing = 0;
		};
/* End PBXSourcesBuildPhase section */

/* Begin XCBuildConfiguration section */
		A51C09182C2F05AA009EDDBD /* Debug */ = {
			isa = XCBuildConfiguration;
			buildSettings = {
				ALWAYS_SEARCH_USER_PATHS = NO;
				ASSETCATALOG_COMPILER_GENERATE_SWIFT_ASSET_SYMBOL_EXTENSIONS = YES;
				CLANG_ANALYZER_NONNULL = YES;
				CLANG_ANALYZER_NUMBER_OBJECT_CONVERSION = YES_AGGRESSIVE;
				CLANG_CXX_LANGUAGE_STANDARD = "gnu++20";
				CLANG_ENABLE_MODULES = YES;
				CLANG_ENABLE_OBJC_ARC = YES;
				CLANG_ENABLE_OBJC_WEAK = YES;
				CLANG_WARN_BLOCK_CAPTURE_AUTORELEASING = YES;
				CLANG_WARN_BOOL_CONVERSION = YES;
				CLANG_WARN_COMMA = YES;
				CLANG_WARN_CONSTANT_CONVERSION = YES;
				CLANG_WARN_DEPRECATED_OBJC_IMPLEMENTATIONS = YES;
				CLANG_WARN_DIRECT_OBJC_ISA_USAGE = YES_ERROR;
				CLANG_WARN_DOCUMENTATION_COMMENTS = YES;
				CLANG_WARN_EMPTY_BODY = YES;
				CLANG_WARN_ENUM_CONVERSION = YES;
				CLANG_WARN_INFINITE_RECURSION = YES;
				CLANG_WARN_INT_CONVERSION = YES;
				CLANG_WARN_NON_LITERAL_NULL_CONVERSION = YES;
				CLANG_WARN_OBJC_IMPLICIT_RETAIN_SELF = YES;
				CLANG_WARN_OBJC_LITERAL_CONVERSION = YES;
				CLANG_WARN_OBJC_ROOT_CLASS = YES_ERROR;
				CLANG_WARN_QUOTED_INCLUDE_IN_FRAMEWORK_HEADER = YES;
				CLANG_WARN_RANGE_LOOP_ANALYSIS = YES;
				CLANG_WARN_STRICT_PROTOTYPES = YES;
				CLANG_WARN_SUSPICIOUS_MOVE = YES;
				CLANG_WARN_UNGUARDED_AVAILABILITY = YES_AGGRESSIVE;
				CLANG_WARN_UNREACHABLE_CODE = YES;
				CLANG_WARN__DUPLICATE_METHOD_MATCH = YES;
				COPY_PHASE_STRIP = NO;
				DEBUG_INFORMATION_FORMAT = dwarf;
				ENABLE_STRICT_OBJC_MSGSEND = YES;
				ENABLE_TESTABILITY = YES;
				ENABLE_USER_SCRIPT_SANDBOXING = YES;
				GCC_C_LANGUAGE_STANDARD = gnu17;
				GCC_DYNAMIC_NO_PIC = NO;
				GCC_NO_COMMON_BLOCKS = YES;
				GCC_OPTIMIZATION_LEVEL = 0;
				GCC_PREPROCESSOR_DEFINITIONS = (
					"DEBUG=1",
					"$(inherited)",
				);
				GCC_WARN_64_TO_32_BIT_CONVERSION = YES;
				GCC_WARN_ABOUT_RETURN_TYPE = YES_ERROR;
				GCC_WARN_UNDECLARED_SELECTOR = YES;
				GCC_WARN_UNINITIALIZED_AUTOS = YES_AGGRESSIVE;
				GCC_WARN_UNUSED_FUNCTION = YES;
				GCC_WARN_UNUSED_VARIABLE = YES;
				IPHONEOS_DEPLOYMENT_TARGET = 17.5;
				LOCALIZATION_PREFERS_STRING_CATALOGS = YES;
				MTL_ENABLE_DEBUG_INFO = INCLUDE_SOURCE;
				MTL_FAST_MATH = YES;
				ONLY_ACTIVE_ARCH = YES;
				SDKROOT = iphoneos;
				SWIFT_ACTIVE_COMPILATION_CONDITIONS = "DEBUG $(inherited)";
				SWIFT_OPTIMIZATION_LEVEL = "-Onone";
			};
			name = Debug;
		};
		A51C09192C2F05AA009EDDBD /* Release */ = {
			isa = XCBuildConfiguration;
			buildSettings = {
				ALWAYS_SEARCH_USER_PATHS = NO;
				ASSETCATALOG_COMPILER_GENERATE_SWIFT_ASSET_SYMBOL_EXTENSIONS = YES;
				CLANG_ANALYZER_NONNULL = YES;
				CLANG_ANALYZER_NUMBER_OBJECT_CONVERSION = YES_AGGRESSIVE;
				CLANG_CXX_LANGUAGE_STANDARD = "gnu++20";
				CLANG_ENABLE_MODULES = YES;
				CLANG_ENABLE_OBJC_ARC = YES;
				CLANG_ENABLE_OBJC_WEAK = YES;
				CLANG_WARN_BLOCK_CAPTURE_AUTORELEASING = YES;
				CLANG_WARN_BOOL_CONVERSION = YES;
				CLANG_WARN_COMMA = YES;
				CLANG_WARN_CONSTANT_CONVERSION = YES;
				CLANG_WARN_DEPRECATED_OBJC_IMPLEMENTATIONS = YES;
				CLANG_WARN_DIRECT_OBJC_ISA_USAGE = YES_ERROR;
				CLANG_WARN_DOCUMENTATION_COMMENTS = YES;
				CLANG_WARN_EMPTY_BODY = YES;
				CLANG_WARN_ENUM_CONVERSION = YES;
				CLANG_WARN_INFINITE_RECURSION = YES;
				CLANG_WARN_INT_CONVERSION = YES;
				CLANG_WARN_NON_LITERAL_NULL_CONVERSION = YES;
				CLANG_WARN_OBJC_IMPLICIT_RETAIN_SELF = YES;
				CLANG_WARN_OBJC_LITERAL_CONVERSION = YES;
				CLANG_WARN_OBJC_ROOT_CLASS = YES_ERROR;
				CLANG_WARN_QUOTED_INCLUDE_IN_FRAMEWORK_HEADER = YES;
				CLANG_WARN_RANGE_LOOP_ANALYSIS = YES;
				CLANG_WARN_STRICT_PROTOTYPES = YES;
				CLANG_WARN_SUSPICIOUS_MOVE = YES;
				CLANG_WARN_UNGUARDED_AVAILABILITY = YES_AGGRESSIVE;
				CLANG_WARN_UNREACHABLE_CODE = YES;
				CLANG_WARN__DUPLICATE_METHOD_MATCH = YES;
				COPY_PHASE_STRIP = NO;
				DEBUG_INFORMATION_FORMAT = "dwarf-with-dsym";
				ENABLE_NS_ASSERTIONS = NO;
				ENABLE_STRICT_OBJC_MSGSEND = YES;
				ENABLE_USER_SCRIPT_SANDBOXING = YES;
				GCC_C_LANGUAGE_STANDARD = gnu17;
				GCC_NO_COMMON_BLOCKS = YES;
				GCC_WARN_64_TO_32_BIT_CONVERSION = YES;
				GCC_WARN_ABOUT_RETURN_TYPE = YES_ERROR;
				GCC_WARN_UNDECLARED_SELECTOR = YES;
				GCC_WARN_UNINITIALIZED_AUTOS = YES_AGGRESSIVE;
				GCC_WARN_UNUSED_FUNCTION = YES;
				GCC_WARN_UNUSED_VARIABLE = YES;
				IPHONEOS_DEPLOYMENT_TARGET = 17.5;
				LOCALIZATION_PREFERS_STRING_CATALOGS = YES;
				MTL_ENABLE_DEBUG_INFO = NO;
				MTL_FAST_MATH = YES;
				SDKROOT = iphoneos;
				SWIFT_COMPILATION_MODE = wholemodule;
				VALIDATE_PRODUCT = YES;
			};
			name = Release;
		};
		A51C091B2C2F05AA009EDDBD /* Debug */ = {
			isa = XCBuildConfiguration;
			buildSettings = {
				ASSETCATALOG_COMPILER_APPICON_NAME = AppIcon;
				ASSETCATALOG_COMPILER_GLOBAL_ACCENT_COLOR_NAME = AccentColor;
				CODE_SIGN_STYLE = Automatic;
				CURRENT_PROJECT_VERSION = 1;
				DEVELOPMENT_ASSET_PATHS = "\"iOSTakeHomeFetch/Preview Content\"";
				DEVELOPMENT_TEAM = N6L2JVZZB3;
				ENABLE_PREVIEWS = YES;
				GENERATE_INFOPLIST_FILE = YES;
				INFOPLIST_KEY_UIApplicationSceneManifest_Generation = YES;
				INFOPLIST_KEY_UIApplicationSupportsIndirectInputEvents = YES;
				INFOPLIST_KEY_UILaunchScreen_Generation = YES;
				INFOPLIST_KEY_UISupportedInterfaceOrientations_iPad = "UIInterfaceOrientationPortrait UIInterfaceOrientationPortraitUpsideDown UIInterfaceOrientationLandscapeLeft UIInterfaceOrientationLandscapeRight";
				INFOPLIST_KEY_UISupportedInterfaceOrientations_iPhone = "UIInterfaceOrientationPortrait UIInterfaceOrientationLandscapeLeft UIInterfaceOrientationLandscapeRight";
				LD_RUNPATH_SEARCH_PATHS = (
					"$(inherited)",
					"@executable_path/Frameworks",
				);
				MARKETING_VERSION = 1.0;
				PRODUCT_BUNDLE_IDENTIFIER = com.stevenchung.iOSTakeHomeFetch;
				PRODUCT_NAME = "$(TARGET_NAME)";
				SWIFT_EMIT_LOC_STRINGS = YES;
				SWIFT_VERSION = 5.0;
				TARGETED_DEVICE_FAMILY = "1,2";
			};
			name = Debug;
		};
		A51C091C2C2F05AA009EDDBD /* Release */ = {
			isa = XCBuildConfiguration;
			buildSettings = {
				ASSETCATALOG_COMPILER_APPICON_NAME = AppIcon;
				ASSETCATALOG_COMPILER_GLOBAL_ACCENT_COLOR_NAME = AccentColor;
				CODE_SIGN_STYLE = Automatic;
				CURRENT_PROJECT_VERSION = 1;
				DEVELOPMENT_ASSET_PATHS = "\"iOSTakeHomeFetch/Preview Content\"";
				DEVELOPMENT_TEAM = N6L2JVZZB3;
				ENABLE_PREVIEWS = YES;
				GENERATE_INFOPLIST_FILE = YES;
				INFOPLIST_KEY_UIApplicationSceneManifest_Generation = YES;
				INFOPLIST_KEY_UIApplicationSupportsIndirectInputEvents = YES;
				INFOPLIST_KEY_UILaunchScreen_Generation = YES;
				INFOPLIST_KEY_UISupportedInterfaceOrientations_iPad = "UIInterfaceOrientationPortrait UIInterfaceOrientationPortraitUpsideDown UIInterfaceOrientationLandscapeLeft UIInterfaceOrientationLandscapeRight";
				INFOPLIST_KEY_UISupportedInterfaceOrientations_iPhone = "UIInterfaceOrientationPortrait UIInterfaceOrientationLandscapeLeft UIInterfaceOrientationLandscapeRight";
				LD_RUNPATH_SEARCH_PATHS = (
					"$(inherited)",
					"@executable_path/Frameworks",
				);
				MARKETING_VERSION = 1.0;
				PRODUCT_BUNDLE_IDENTIFIER = com.stevenchung.iOSTakeHomeFetch;
				PRODUCT_NAME = "$(TARGET_NAME)";
				SWIFT_EMIT_LOC_STRINGS = YES;
				SWIFT_VERSION = 5.0;
				TARGETED_DEVICE_FAMILY = "1,2";
			};
			name = Release;
		};
/* End XCBuildConfiguration section */

/* Begin XCConfigurationList section */
		A51C09072C2F05A8009EDDBD /* Build configuration list for PBXProject "iOSTakeHomeFetch" */ = {
			isa = XCConfigurationList;
			buildConfigurations = (
				A51C09182C2F05AA009EDDBD /* Debug */,
				A51C09192C2F05AA009EDDBD /* Release */,
			);
			defaultConfigurationIsVisible = 0;
			defaultConfigurationName = Release;
		};
		A51C091A2C2F05AA009EDDBD /* Build configuration list for PBXNativeTarget "iOSTakeHomeFetch" */ = {
			isa = XCConfigurationList;
			buildConfigurations = (
				A51C091B2C2F05AA009EDDBD /* Debug */,
				A51C091C2C2F05AA009EDDBD /* Release */,
			);
			defaultConfigurationIsVisible = 0;
			defaultConfigurationName = Release;
		};
/* End XCConfigurationList section */
	};
	rootObject = A51C09042C2F05A8009EDDBD /* Project object */;
}
